
Microsoft Visual Studio Solution File, Format Version 12.00
# Visual Studio Express 2013 for Windows Desktop
VisualStudioVersion = 12.0.31101.0
MinimumVisualStudioVersion = 10.0.40219.1
Project("{FAE04EC0-301F-11D3-BF4B-00C04F79EFBC}") = "DiogoFalaParaVoce1.0", "DiogoFalaParaVoce1.0\DiogoFalaParaVoce1.0.csproj", "{F9321E10-2A11-48C4-89C0-A51E4B661F52}"
EndProject
Project("{FAE04EC0-301F-11D3-BF4B-00C04F79EFBC}") = "VozPortugues", "VozPortugues\VozPortugues.csproj", "{AD5B1804-50BE-4455-B00E-AB6CF16DF0EB}"
EndProject
Global
	GlobalSection(SolutionConfigurationPlatforms) = preSolution
		Debug|Any CPU = Debug|Any CPU
		Release|Any CPU = Release|Any CPU
	EndGlobalSection
	GlobalSection(ProjectConfigurationPlatforms) = postSolution
		{F9321E10-2A11-48C4-89C0-A51E4B661F52}.Debug|Any CPU.ActiveCfg = Debug|Any CPU
		{F9321E10-2A11-48C4-89C0-A51E4B661F52}.Debug|Any CPU.Build.0 = Debug|Any CPU
		{F9321E10-2A11-48C4-89C0-A51E4B661F52}.Release|Any CPU.ActiveCfg = Release|Any CPU
		{F9321E10-2A11-48C4-89C0-A51E4B661F52}.Release|Any CPU.Build.0 = Release|Any CPU
		{AD5B1804-50BE-4455-B00E-AB6CF16DF0EB}.Debug|Any CPU.ActiveCfg = Debug|Any CPU
		{AD5B1804-50BE-4455-B00E-AB6CF16DF0EB}.Debug|Any CPU.Build.0 = Debug|Any CPU
		{AD5B1804-50BE-4455-B00E-AB6CF16DF0EB}.Release|Any CPU.ActiveCfg = Release|Any CPU
		{AD5B1804-50BE-4455-B00E-AB6CF16DF0EB}.Release|Any CPU.Build.0 = Release|Any CPU
	EndGlobalSection
	GlobalSection(SolutionProperties) = preSolution
		HideSolutionNode = FALSE
	EndGlobalSection
EndGlobal
