
Microsoft Visual Studio Solution File, Format Version 12.00
# Visual Studio Express 2013 for Web
VisualStudioVersion = 12.0.31101.0
MinimumVisualStudioVersion = 10.0.40219.1
Project("{FAE04EC0-301F-11D3-BF4B-00C04F79EFBC}") = "WingtipsToys", "WingtipsToys\WingtipsToys.csproj", "{0BF30EED-98E4-47BE-95F9-0B5B5EA31500}"
EndProject
Project("{FAE04EC0-301F-11D3-BF4B-00C04F79EFBC}") = "WingtipsToys.Tests", "WingtipsToys.Tests\WingtipsToys.Tests.csproj", "{2756A3C4-68D3-4A1B-8117-44C98E0D6042}"
EndProject
Global
	GlobalSection(SolutionConfigurationPlatforms) = preSolution
		Debug|Any CPU = Debug|Any CPU
		Release|Any CPU = Release|Any CPU
	EndGlobalSection
	GlobalSection(ProjectConfigurationPlatforms) = postSolution
		{0BF30EED-98E4-47BE-95F9-0B5B5EA31500}.Debug|Any CPU.ActiveCfg = Debug|Any CPU
		{0BF30EED-98E4-47BE-95F9-0B5B5EA31500}.Debug|Any CPU.Build.0 = Debug|Any CPU
		{0BF30EED-98E4-47BE-95F9-0B5B5EA31500}.Release|Any CPU.ActiveCfg = Release|Any CPU
		{0BF30EED-98E4-47BE-95F9-0B5B5EA31500}.Release|Any CPU.Build.0 = Release|Any CPU
		{2756A3C4-68D3-4A1B-8117-44C98E0D6042}.Debug|Any CPU.ActiveCfg = Debug|Any CPU
		{2756A3C4-68D3-4A1B-8117-44C98E0D6042}.Debug|Any CPU.Build.0 = Debug|Any CPU
		{2756A3C4-68D3-4A1B-8117-44C98E0D6042}.Release|Any CPU.ActiveCfg = Release|Any CPU
		{2756A3C4-68D3-4A1B-8117-44C98E0D6042}.Release|Any CPU.Build.0 = Release|Any CPU
	EndGlobalSection
	GlobalSection(SolutionProperties) = preSolution
		HideSolutionNode = FALSE
	EndGlobalSection
EndGlobal
